{
  "lockfile-version": 1,
  "manifest": {
    "version": 1,
    "install": {
      "go": {
        "pkg-path": "go"
      },
      "kind": {
        "pkg-path": "kind"
      },
      "ko": {
        "pkg-path": "ko"
      },
      "kubectl": {
        "pkg-path": "kubectl"
      },
      "kubernetes-helm": {
        "pkg-path": "kubernetes-helm"
      }
    },
    "vars": {
      "NATS_DEMO_PROJECT_ROOT": "$FLOX_ENV_PROJECT"
    },
    "hook": {},
    "profile": {},
    "options": {
      "systems": [
        "aarch64-darwin",
        "aarch64-linux",
        "x86_64-darwin",
        "x86_64-linux"
      ],
      "allow": {
        "licenses": []
      },
      "semver": {}
    }
  },
  "packages": [
    {
      "attr_path": "go",
      "broken": false,
      "derivation": "/nix/store/56rv2z6sv5b1vzica5xpszjqvd21gqr7-go-1.23.3.drv",
      "description": "Go Programming language",
      "install_id": "go",
      "license": "BSD-3-Clause",
      "locked_url": "https://github.com/flox/nixpkgs?rev=d70bd19e0a38ad4790d3913bf08fcbfc9eeca507",
      "name": "go-1.23.3",
      "pname": "go",
      "rev": "d70bd19e0a38ad4790d3913bf08fcbfc9eeca507",
      "rev_count": 724962,
      "rev_date": "2024-12-19T23:01:11Z",
      "scrape_date": "2024-12-23T03:54:12Z",
      "stabilities": [
        "unstable"
      ],
      "unfree": false,
      "version": "1.23.3",
      "outputs_to_install": [
        "out"
      ],
      "outputs": {
        "out": "/nix/store/w5cxqj1wmbl3wp6arpyl90g66hjs0823-go-1.23.3"
      },
      "system": "aarch64-darwin",
      "group": "toplevel",
      "priority": 5
    },
    {
      "attr_path": "go",
      "broken": false,
      "derivation": "/nix/store/7z5w6l4z1am909fazspdizhd8hjcrldd-go-1.23.3.drv",
      "description": "Go Programming language",
      "install_id": "go",
      "license": "BSD-3-Clause",
      "locked_url": "https://github.com/flox/nixpkgs?rev=d70bd19e0a38ad4790d3913bf08fcbfc9eeca507",
      "name": "go-1.23.3",
      "pname": "go",
      "rev": "d70bd19e0a38ad4790d3913bf08fcbfc9eeca507",
      "rev_count": 724962,
      "rev_date": "2024-12-19T23:01:11Z",
      "scrape_date": "2024-12-23T03:54:12Z",
      "stabilities": [
        "unstable"
      ],
      "unfree": false,
      "version": "1.23.3",
      "outputs_to_install": [
        "out"
      ],
      "outputs": {
        "out": "/nix/store/09zl6c5i31x18w55qskc0kbp32arvvlr-go-1.23.3"
      },
      "system": "aarch64-linux",
      "group": "toplevel",
      "priority": 5
    },
    {
      "attr_path": "go",
      "broken": false,
      "derivation": "/nix/store/bg18qs459wx00nfwwapdxq5xvvv4sdyh-go-1.23.3.drv",
      "description": "Go Programming language",
      "install_id": "go",
      "license": "BSD-3-Clause",
      "locked_url": "https://github.com/flox/nixpkgs?rev=d70bd19e0a38ad4790d3913bf08fcbfc9eeca507",
      "name": "go-1.23.3",
      "pname": "go",
      "rev": "d70bd19e0a38ad4790d3913bf08fcbfc9eeca507",
      "rev_count": 724962,
      "rev_date": "2024-12-19T23:01:11Z",
      "scrape_date": "2024-12-23T03:54:12Z",
      "stabilities": [
        "unstable"
      ],
      "unfree": false,
      "version": "1.23.3",
      "outputs_to_install": [
        "out"
      ],
      "outputs": {
        "out": "/nix/store/alkrwr7w62qp3160q0azcvnyn0184hw3-go-1.23.3"
      },
      "system": "x86_64-darwin",
      "group": "toplevel",
      "priority": 5
    },
    {
      "attr_path": "go",
      "broken": false,
      "derivation": "/nix/store/k427v9wgcg9ify27mcqxrkpw5fd16xmg-go-1.23.3.drv",
      "description": "Go Programming language",
      "install_id": "go",
      "license": "BSD-3-Clause",
      "locked_url": "https://github.com/flox/nixpkgs?rev=d70bd19e0a38ad4790d3913bf08fcbfc9eeca507",
      "name": "go-1.23.3",
      "pname": "go",
      "rev": "d70bd19e0a38ad4790d3913bf08fcbfc9eeca507",
      "rev_count": 724962,
      "rev_date": "2024-12-19T23:01:11Z",
      "scrape_date": "2024-12-23T03:54:12Z",
      "stabilities": [
        "unstable"
      ],
      "unfree": false,
      "version": "1.23.3",
      "outputs_to_install": [
        "out"
      ],
      "outputs": {
        "out": "/nix/store/zhq8dnjbhwspzdglyq28j74axvqyk86q-go-1.23.3"
      },
      "system": "x86_64-linux",
      "group": "toplevel",
      "priority": 5
    },
    {
      "attr_path": "kind",
      "broken": false,
      "derivation": "/nix/store/fvcff9kziypadngjggmfhz3lhpfbkw3f-kind-0.25.0.drv",
      "description": "Kubernetes IN Docker - local clusters for testing Kubernetes",
      "install_id": "kind",
      "license": "Apache-2.0",
      "locked_url": "https://github.com/flox/nixpkgs?rev=d70bd19e0a38ad4790d3913bf08fcbfc9eeca507",
      "name": "kind-0.25.0",
      "pname": "kind",
      "rev": "d70bd19e0a38ad4790d3913bf08fcbfc9eeca507",
      "rev_count": 724962,
      "rev_date": "2024-12-19T23:01:11Z",
      "scrape_date": "2024-12-23T03:54:12Z",
      "stabilities": [
        "unstable"
      ],
      "unfree": false,
      "version": "0.25.0",
      "outputs_to_install": [
        "out"
      ],
      "outputs": {
        "out": "/nix/store/6z29p8jr92x9v1yzvsrjpmmbsckaqhhq-kind-0.25.0"
      },
      "system": "aarch64-darwin",
      "group": "toplevel",
      "priority": 5
    },
    {
      "attr_path": "kind",
      "broken": false,
      "derivation": "/nix/store/42yjb1sr03l9vd61v767bns3lh3hgdz4-kind-0.25.0.drv",
      "description": "Kubernetes IN Docker - local clusters for testing Kubernetes",
      "install_id": "kind",
      "license": "Apache-2.0",
      "locked_url": "https://github.com/flox/nixpkgs?rev=d70bd19e0a38ad4790d3913bf08fcbfc9eeca507",
      "name": "kind-0.25.0",
      "pname": "kind",
      "rev": "d70bd19e0a38ad4790d3913bf08fcbfc9eeca507",
      "rev_count": 724962,
      "rev_date": "2024-12-19T23:01:11Z",
      "scrape_date": "2024-12-23T03:54:12Z",
      "stabilities": [
        "unstable"
      ],
      "unfree": false,
      "version": "0.25.0",
      "outputs_to_install": [
        "out"
      ],
      "outputs": {
        "out": "/nix/store/iw2yg9vy2w3cz244vd83hqq7gzsxbmvc-kind-0.25.0"
      },
      "system": "aarch64-linux",
      "group": "toplevel",
      "priority": 5
    },
    {
      "attr_path": "kind",
      "broken": false,
      "derivation": "/nix/store/43blq63j9my05fapdn0bf117pri7wk31-kind-0.25.0.drv",
      "description": "Kubernetes IN Docker - local clusters for testing Kubernetes",
      "install_id": "kind",
      "license": "Apache-2.0",
      "locked_url": "https://github.com/flox/nixpkgs?rev=d70bd19e0a38ad4790d3913bf08fcbfc9eeca507",
      "name": "kind-0.25.0",
      "pname": "kind",
      "rev": "d70bd19e0a38ad4790d3913bf08fcbfc9eeca507",
      "rev_count": 724962,
      "rev_date": "2024-12-19T23:01:11Z",
      "scrape_date": "2024-12-23T03:54:12Z",
      "stabilities": [
        "unstable"
      ],
      "unfree": false,
      "version": "0.25.0",
      "outputs_to_install": [
        "out"
      ],
      "outputs": {
        "out": "/nix/store/7wqknkzmk2g7bwr3xs4id21k5dmai33w-kind-0.25.0"
      },
      "system": "x86_64-darwin",
      "group": "toplevel",
      "priority": 5
    },
    {
      "attr_path": "kind",
      "broken": false,
      "derivation": "/nix/store/z9a8n4fs0ydk2c525b2j68g6dv9r9z27-kind-0.25.0.drv",
      "description": "Kubernetes IN Docker - local clusters for testing Kubernetes",
      "install_id": "kind",
      "license": "Apache-2.0",
      "locked_url": "https://github.com/flox/nixpkgs?rev=d70bd19e0a38ad4790d3913bf08fcbfc9eeca507",
      "name": "kind-0.25.0",
      "pname": "kind",
      "rev": "d70bd19e0a38ad4790d3913bf08fcbfc9eeca507",
      "rev_count": 724962,
      "rev_date": "2024-12-19T23:01:11Z",
      "scrape_date": "2024-12-23T03:54:12Z",
      "stabilities": [
        "unstable"
      ],
      "unfree": false,
      "version": "0.25.0",
      "outputs_to_install": [
        "out"
      ],
      "outputs": {
        "out": "/nix/store/q98ypc8pcbih062n6wp0mgcccvhhkc19-kind-0.25.0"
      },
      "system": "x86_64-linux",
      "group": "toplevel",
      "priority": 5
    },
    {
      "attr_path": "ko",
      "broken": false,
      "derivation": "/nix/store/al4riiw606axdgdzdqj869acrlswqlpw-ko-0.15.4.drv",
      "description": "Build and deploy Go applications on Kubernetes",
      "install_id": "ko",
      "license": "Apache-2.0",
      "locked_url": "https://github.com/flox/nixpkgs?rev=d70bd19e0a38ad4790d3913bf08fcbfc9eeca507",
      "name": "ko-0.15.4",
      "pname": "ko",
      "rev": "d70bd19e0a38ad4790d3913bf08fcbfc9eeca507",
      "rev_count": 724962,
      "rev_date": "2024-12-19T23:01:11Z",
      "scrape_date": "2024-12-23T03:54:12Z",
      "stabilities": [
        "unstable"
      ],
      "unfree": false,
      "version": "0.15.4",
      "outputs_to_install": [
        "out"
      ],
      "outputs": {
        "out": "/nix/store/c1s79kr9ww4c9979y28ssvl3bdhxdz2v-ko-0.15.4"
      },
      "system": "aarch64-darwin",
      "group": "toplevel",
      "priority": 5
    },
    {
      "attr_path": "ko",
      "broken": false,
      "derivation": "/nix/store/v7xfzi2zq1whc2097zrhwiz9fv5k9aq6-ko-0.15.4.drv",
      "description": "Build and deploy Go applications on Kubernetes",
      "install_id": "ko",
      "license": "Apache-2.0",
      "locked_url": "https://github.com/flox/nixpkgs?rev=d70bd19e0a38ad4790d3913bf08fcbfc9eeca507",
      "name": "ko-0.15.4",
      "pname": "ko",
      "rev": "d70bd19e0a38ad4790d3913bf08fcbfc9eeca507",
      "rev_count": 724962,
      "rev_date": "2024-12-19T23:01:11Z",
      "scrape_date": "2024-12-23T03:54:12Z",
      "stabilities": [
        "unstable"
      ],
      "unfree": false,
      "version": "0.15.4",
      "outputs_to_install": [
        "out"
      ],
      "outputs": {
        "out": "/nix/store/k59h0x8hv5ipvf7d6y7m84gb3vq3di08-ko-0.15.4"
      },
      "system": "aarch64-linux",
      "group": "toplevel",
      "priority": 5
    },
    {
      "attr_path": "ko",
      "broken": false,
      "derivation": "/nix/store/0hgbg662gbhhzbgm9is1j5nhvx2mmnr5-ko-0.15.4.drv",
      "description": "Build and deploy Go applications on Kubernetes",
      "install_id": "ko",
      "license": "Apache-2.0",
      "locked_url": "https://github.com/flox/nixpkgs?rev=d70bd19e0a38ad4790d3913bf08fcbfc9eeca507",
      "name": "ko-0.15.4",
      "pname": "ko",
      "rev": "d70bd19e0a38ad4790d3913bf08fcbfc9eeca507",
      "rev_count": 724962,
      "rev_date": "2024-12-19T23:01:11Z",
      "scrape_date": "2024-12-23T03:54:12Z",
      "stabilities": [
        "unstable"
      ],
      "unfree": false,
      "version": "0.15.4",
      "outputs_to_install": [
        "out"
      ],
      "outputs": {
        "out": "/nix/store/rvrz7dml6jgg59as1qs78dv66c4hl87q-ko-0.15.4"
      },
      "system": "x86_64-darwin",
      "group": "toplevel",
      "priority": 5
    },
    {
      "attr_path": "ko",
      "broken": false,
      "derivation": "/nix/store/pvk5yva6jklf52ip5npjknbrbm08xzhx-ko-0.15.4.drv",
      "description": "Build and deploy Go applications on Kubernetes",
      "install_id": "ko",
      "license": "Apache-2.0",
      "locked_url": "https://github.com/flox/nixpkgs?rev=d70bd19e0a38ad4790d3913bf08fcbfc9eeca507",
      "name": "ko-0.15.4",
      "pname": "ko",
      "rev": "d70bd19e0a38ad4790d3913bf08fcbfc9eeca507",
      "rev_count": 724962,
      "rev_date": "2024-12-19T23:01:11Z",
      "scrape_date": "2024-12-23T03:54:12Z",
      "stabilities": [
        "unstable"
      ],
      "unfree": false,
      "version": "0.15.4",
      "outputs_to_install": [
        "out"
      ],
      "outputs": {
        "out": "/nix/store/27yz7ynnyj48d68digqd2hb60a550rds-ko-0.15.4"
      },
      "system": "x86_64-linux",
      "group": "toplevel",
      "priority": 5
    },
    {
      "attr_path": "kubectl",
      "broken": false,
      "derivation": "/nix/store/xkrb41fikrx4d2c28dxndql05kphlm9h-kubectl-1.32.0.drv",
      "description": "Kubernetes CLI",
      "install_id": "kubectl",
      "license": "Apache-2.0",
      "locked_url": "https://github.com/flox/nixpkgs?rev=d70bd19e0a38ad4790d3913bf08fcbfc9eeca507",
      "name": "kubectl-1.32.0",
      "pname": "kubectl",
      "rev": "d70bd19e0a38ad4790d3913bf08fcbfc9eeca507",
      "rev_count": 724962,
      "rev_date": "2024-12-19T23:01:11Z",
      "scrape_date": "2024-12-23T03:54:12Z",
      "stabilities": [
        "unstable"
      ],
      "unfree": false,
      "version": "1.32.0",
      "outputs_to_install": [
        "out",
        "man"
      ],
      "outputs": {
        "convert": "/nix/store/yb4xp065fawbidlxbd99m0al57z5rrsh-kubectl-1.32.0-convert",
        "man": "/nix/store/k6jykpa16in63nkq04rclv46fcfgb0jd-kubectl-1.32.0-man",
        "out": "/nix/store/fsdh94qxvi6kadpw71zqd0gmwfv8k8zi-kubectl-1.32.0"
      },
      "system": "aarch64-darwin",
      "group": "toplevel",
      "priority": 5
    },
    {
      "attr_path": "kubectl",
      "broken": false,
      "derivation": "/nix/store/cl24fqni9vyahf26pc982gk9ipk3pg29-kubectl-1.32.0.drv",
      "description": "Kubernetes CLI",
      "install_id": "kubectl",
      "license": "Apache-2.0",
      "locked_url": "https://github.com/flox/nixpkgs?rev=d70bd19e0a38ad4790d3913bf08fcbfc9eeca507",
      "name": "kubectl-1.32.0",
      "pname": "kubectl",
      "rev": "d70bd19e0a38ad4790d3913bf08fcbfc9eeca507",
      "rev_count": 724962,
      "rev_date": "2024-12-19T23:01:11Z",
      "scrape_date": "2024-12-23T03:54:12Z",
      "stabilities": [
        "unstable"
      ],
      "unfree": false,
      "version": "1.32.0",
      "outputs_to_install": [
        "out",
        "man"
      ],
      "outputs": {
        "convert": "/nix/store/jdlmrgs0nqzrxfxya3apjbx0mchldlc1-kubectl-1.32.0-convert",
        "man": "/nix/store/7p5ain9figqsxj5kqrvk40qvbwjqhdib-kubectl-1.32.0-man",
        "out": "/nix/store/jqc6spglwlc8hqj5153ba5lky5yqdxnd-kubectl-1.32.0"
      },
      "system": "aarch64-linux",
      "group": "toplevel",
      "priority": 5
    },
    {
      "attr_path": "kubectl",
      "broken": false,
      "derivation": "/nix/store/kk3vpgmx3dnhafd4f69njynkch0q5sga-kubectl-1.32.0.drv",
      "description": "Kubernetes CLI",
      "install_id": "kubectl",
      "license": "Apache-2.0",
      "locked_url": "https://github.com/flox/nixpkgs?rev=d70bd19e0a38ad4790d3913bf08fcbfc9eeca507",
      "name": "kubectl-1.32.0",
      "pname": "kubectl",
      "rev": "d70bd19e0a38ad4790d3913bf08fcbfc9eeca507",
      "rev_count": 724962,
      "rev_date": "2024-12-19T23:01:11Z",
      "scrape_date": "2024-12-23T03:54:12Z",
      "stabilities": [
        "unstable"
      ],
      "unfree": false,
      "version": "1.32.0",
      "outputs_to_install": [
        "out",
        "man"
      ],
      "outputs": {
        "convert": "/nix/store/z9fimhnqqyi06j87japca80s89jv25b1-kubectl-1.32.0-convert",
        "man": "/nix/store/xygazd3c97yn1a6ai7vir1hybir2z6kn-kubectl-1.32.0-man",
        "out": "/nix/store/34m30835b5551nkbby5imdvcl8j0zyyb-kubectl-1.32.0"
      },
      "system": "x86_64-darwin",
      "group": "toplevel",
      "priority": 5
    },
    {
      "attr_path": "kubectl",
      "broken": false,
      "derivation": "/nix/store/qkdkjpabfjpksvdn6xqbcjgcfb8cmsa8-kubectl-1.32.0.drv",
      "description": "Kubernetes CLI",
      "install_id": "kubectl",
      "license": "Apache-2.0",
      "locked_url": "https://github.com/flox/nixpkgs?rev=d70bd19e0a38ad4790d3913bf08fcbfc9eeca507",
      "name": "kubectl-1.32.0",
      "pname": "kubectl",
      "rev": "d70bd19e0a38ad4790d3913bf08fcbfc9eeca507",
      "rev_count": 724962,
      "rev_date": "2024-12-19T23:01:11Z",
      "scrape_date": "2024-12-23T03:54:12Z",
      "stabilities": [
        "unstable"
      ],
      "unfree": false,
      "version": "1.32.0",
      "outputs_to_install": [
        "out",
        "man"
      ],
      "outputs": {
        "convert": "/nix/store/azq3fm6jliha1z6ph1dd2x5nvwfg17xb-kubectl-1.32.0-convert",
        "man": "/nix/store/m9d1z32ngmv3fwc44pqpclp7kisdglgw-kubectl-1.32.0-man",
        "out": "/nix/store/jbk8gl4zwbjp998gh516m5aj9scp8rm1-kubectl-1.32.0"
      },
      "system": "x86_64-linux",
      "group": "toplevel",
      "priority": 5
    },
    {
      "attr_path": "kubernetes-helm",
      "broken": false,
      "derivation": "/nix/store/ch597p1n5wj8qv1bl71kkn6iy4csq839-kubernetes-helm-3.16.4.drv",
      "description": "Package manager for kubernetes",
      "install_id": "kubernetes-helm",
      "license": "Apache-2.0",
      "locked_url": "https://github.com/flox/nixpkgs?rev=d70bd19e0a38ad4790d3913bf08fcbfc9eeca507",
      "name": "kubernetes-helm-3.16.4",
      "pname": "kubernetes-helm",
      "rev": "d70bd19e0a38ad4790d3913bf08fcbfc9eeca507",
      "rev_count": 724962,
      "rev_date": "2024-12-19T23:01:11Z",
      "scrape_date": "2024-12-23T03:54:12Z",
      "stabilities": [
        "unstable"
      ],
      "unfree": false,
      "version": "3.16.4",
      "outputs_to_install": [
        "out"
      ],
      "outputs": {
        "out": "/nix/store/bijgi786l8w3vfzrinnx70fj95k5jlgz-kubernetes-helm-3.16.4"
      },
      "system": "aarch64-darwin",
      "group": "toplevel",
      "priority": 5
    },
    {
      "attr_path": "kubernetes-helm",
      "broken": false,
      "derivation": "/nix/store/7g89323kya7izy6l99b0if5phlb5qngw-kubernetes-helm-3.16.4.drv",
      "description": "Package manager for kubernetes",
      "install_id": "kubernetes-helm",
      "license": "Apache-2.0",
      "locked_url": "https://github.com/flox/nixpkgs?rev=d70bd19e0a38ad4790d3913bf08fcbfc9eeca507",
      "name": "kubernetes-helm-3.16.4",
      "pname": "kubernetes-helm",
      "rev": "d70bd19e0a38ad4790d3913bf08fcbfc9eeca507",
      "rev_count": 724962,
      "rev_date": "2024-12-19T23:01:11Z",
      "scrape_date": "2024-12-23T03:54:12Z",
      "stabilities": [
        "unstable"
      ],
      "unfree": false,
      "version": "3.16.4",
      "outputs_to_install": [
        "out"
      ],
      "outputs": {
        "out": "/nix/store/nkawz1bm9h880rc6ydrvf8jbn6fnak9g-kubernetes-helm-3.16.4"
      },
      "system": "aarch64-linux",
      "group": "toplevel",
      "priority": 5
    },
    {
      "attr_path": "kubernetes-helm",
      "broken": false,
      "derivation": "/nix/store/ij86hf3d0856kr60kfrc8ikkl46i2ic2-kubernetes-helm-3.16.4.drv",
      "description": "Package manager for kubernetes",
      "install_id": "kubernetes-helm",
      "license": "Apache-2.0",
      "locked_url": "https://github.com/flox/nixpkgs?rev=d70bd19e0a38ad4790d3913bf08fcbfc9eeca507",
      "name": "kubernetes-helm-3.16.4",
      "pname": "kubernetes-helm",
      "rev": "d70bd19e0a38ad4790d3913bf08fcbfc9eeca507",
      "rev_count": 724962,
      "rev_date": "2024-12-19T23:01:11Z",
      "scrape_date": "2024-12-23T03:54:12Z",
      "stabilities": [
        "unstable"
      ],
      "unfree": false,
      "version": "3.16.4",
      "outputs_to_install": [
        "out"
      ],
      "outputs": {
        "out": "/nix/store/fs1dlmng0x8srbv1ly6fgrpy3a9di22f-kubernetes-helm-3.16.4"
      },
      "system": "x86_64-darwin",
      "group": "toplevel",
      "priority": 5
    },
    {
      "attr_path": "kubernetes-helm",
      "broken": false,
      "derivation": "/nix/store/83h8p2vvqqkrsk3hlylmncjks4vznvl8-kubernetes-helm-3.16.4.drv",
      "description": "Package manager for kubernetes",
      "install_id": "kubernetes-helm",
      "license": "Apache-2.0",
      "locked_url": "https://github.com/flox/nixpkgs?rev=d70bd19e0a38ad4790d3913bf08fcbfc9eeca507",
      "name": "kubernetes-helm-3.16.4",
      "pname": "kubernetes-helm",
      "rev": "d70bd19e0a38ad4790d3913bf08fcbfc9eeca507",
      "rev_count": 724962,
      "rev_date": "2024-12-19T23:01:11Z",
      "scrape_date": "2024-12-23T03:54:12Z",
      "stabilities": [
        "unstable"
      ],
      "unfree": false,
      "version": "3.16.4",
      "outputs_to_install": [
        "out"
      ],
      "outputs": {
        "out": "/nix/store/fyha67adf44lbvbj42y037qzbc9nplqh-kubernetes-helm-3.16.4"
      },
      "system": "x86_64-linux",
      "group": "toplevel",
      "priority": 5
    }
  ]
}